
Microsoft Visual Studio Solution File, Format Version 12.00
# Visual Studio Version 17
VisualStudioVersion = 17.9.34607.119
MinimumVisualStudioVersion = 10.0.40219.1
Project("{FAE04EC0-301F-11D3-BF4B-00C04F79EFBC}") = "BaseDatos", "BaseDatos\BaseDatos.csproj", "{EC2CA29B-30CA-478C-A0E8-5E99D693A29B}"
EndProject
Global
	GlobalSection(SolutionConfigurationPlatforms) = preSolution
		Debug|Any CPU = Debug|Any CPU
		Release|Any CPU = Release|Any CPU
	EndGlobalSection
	GlobalSection(ProjectConfigurationPlatforms) = postSolution
		{EC2CA29B-30CA-478C-A0E8-5E99D693A29B}.Debug|Any CPU.ActiveCfg = Debug|Any CPU
		{EC2CA29B-30CA-478C-A0E8-5E99D693A29B}.Debug|Any CPU.Build.0 = Debug|Any CPU
		{EC2CA29B-30CA-478C-A0E8-5E99D693A29B}.Release|Any CPU.ActiveCfg = Release|Any CPU
		{EC2CA29B-30CA-478C-A0E8-5E99D693A29B}.Release|Any CPU.Build.0 = Release|Any CPU
	EndGlobalSection
	GlobalSection(SolutionProperties) = preSolution
		HideSolutionNode = FALSE
	EndGlobalSection
	GlobalSection(ExtensibilityGlobals) = postSolution
		SolutionGuid = {5D54632B-4AAD-4FA9-83AA-59F6DA5081DC}
	EndGlobalSection
EndGlobal
